// !$*UTF8*$!
{
	archiveVersion = 1;
	classes = {
	};
	objectVersion = 45;
	objects = {

/* Begin PBXBuildFile section */
		8D5B49B0048680CD000E48DA /* InfoPlist.strings in Resources */ = {isa = PBXBuildFile; fileRef = 089C167DFE841241C02AAC07 /* InfoPlist.strings */; };
		8D5B49B4048680CD000E48DA /* Cocoa.framework in Frameworks */ = {isa = PBXBuildFile; fileRef = 1058C7ADFEA557BF11CA2CBB /* Cocoa.framework */; };
		F4058754146AC4E3008A4304 /* CocoaOniguruma.framework in Frameworks */ = {isa = PBXBuildFile; fileRef = F4058753146AC4E3008A4304 /* CocoaOniguruma.framework */; settings = {ATTRIBUTES = (Weak, ); }; };
		F4A2F3FE0F43170F00A84E18 /* BSLinkConductor.m in Sources */ = {isa = PBXBuildFile; fileRef = F4A2F3FD0F43170F00A84E18 /* BSLinkConductor.m */; };
		F4A2F4020F4317A800A84E18 /* BSLinkConductorItem.m in Sources */ = {isa = PBXBuildFile; fileRef = F4A2F4010F4317A800A84E18 /* BSLinkConductorItem.m */; };
		F4A2F5880F444E3000A84E18 /* BSLinkConductor.xib in Resources */ = {isa = PBXBuildFile; fileRef = F4A2F5860F444E3000A84E18 /* BSLinkConductor.xib */; };
		F4A2F58D0F458DA900A84E18 /* BSLCPreferences.m in Sources */ = {isa = PBXBuildFile; fileRef = F4A2F58C0F458DA900A84E18 /* BSLCPreferences.m */; };
		F4A2F97D0F4650DC00A84E18 /* HMTemporaryFolder.m in Sources */ = {isa = PBXBuildFile; fileRef = F4A2F97C0F4650DC00A84E18 /* HMTemporaryFolder.m */; };
		F4A807FE0FB118D000FD7FE3 /* BSLCProgressPanel.xib in Resources */ = {isa = PBXBuildFile; fileRef = F4A807FD0FB118D000FD7FE3 /* BSLCProgressPanel.xib */; };
/* End PBXBuildFile section */

/* Begin PBXCopyFilesBuildPhase section */
		F4F6ECA0124118670058FE97 /* CopyFiles */ = {
			isa = PBXCopyFilesBuildPhase;
			buildActionMask = 2147483647;
			dstPath = "";
			dstSubfolderSpec = 10;
			files = (
			);
			runOnlyForDeploymentPostprocessing = 0;
		};
/* End PBXCopyFilesBuildPhase section */

/* Begin PBXFileReference section */
		089C1672FE841209C02AAC07 /* Foundation.framework */ = {isa = PBXFileReference; lastKnownFileType = wrapper.framework; name = Foundation.framework; path = /System/Library/Frameworks/Foundation.framework; sourceTree = "<absolute>"; };
		089C167EFE841241C02AAC07 /* English */ = {isa = PBXFileReference; fileEncoding = 4; lastKnownFileType = text.plist.strings; name = English; path = English.lproj/InfoPlist.strings; sourceTree = "<group>"; };
		089C167FFE841241C02AAC07 /* AppKit.framework */ = {isa = PBXFileReference; lastKnownFileType = wrapper.framework; name = AppKit.framework; path = /System/Library/Frameworks/AppKit.framework; sourceTree = "<absolute>"; };
		1058C7ADFEA557BF11CA2CBB /* Cocoa.framework */ = {isa = PBXFileReference; lastKnownFileType = wrapper.framework; name = Cocoa.framework; path = /System/Library/Frameworks/Cocoa.framework; sourceTree = "<absolute>"; };
		32DBCF630370AF2F00C91783 /* BSLinkConductor_Prefix.pch */ = {isa = PBXFileReference; fileEncoding = 4; lastKnownFileType = sourcecode.c.h; path = BSLinkConductor_Prefix.pch; sourceTree = "<group>"; };
		8D5B49B6048680CD000E48DA /* BSLinkConductor.plugin */ = {isa = PBXFileReference; explicitFileType = wrapper.cfbundle; includeInIndex = 0; path = BSLinkConductor.plugin; sourceTree = BUILT_PRODUCTS_DIR; };
		8D5B49B7048680CD000E48DA /* Info.plist */ = {isa = PBXFileReference; fileEncoding = 4; lastKnownFileType = text.plist.xml; path = Info.plist; sourceTree = "<group>"; };
		D2F7E65807B2D6F200F64583 /* CoreData.framework */ = {isa = PBXFileReference; lastKnownFileType = wrapper.framework; name = CoreData.framework; path = /System/Library/Frameworks/CoreData.framework; sourceTree = "<absolute>"; };
		F4058753146AC4E3008A4304 /* CocoaOniguruma.framework */ = {isa = PBXFileReference; lastKnownFileType = wrapper.framework; name = CocoaOniguruma.framework; path = "/Users/masaki/Projects/External Project/CocoaOniguruma/framework/build/Release/CocoaOniguruma.framework"; sourceTree = "<absolute>"; };
		F4A2F3FC0F43170F00A84E18 /* BSLinkConductor.h */ = {isa = PBXFileReference; fileEncoding = 4; lastKnownFileType = sourcecode.c.h; path = BSLinkConductor.h; sourceTree = "<group>"; };
		F4A2F3FD0F43170F00A84E18 /* BSLinkConductor.m */ = {isa = PBXFileReference; fileEncoding = 4; lastKnownFileType = sourcecode.c.objc; path = BSLinkConductor.m; sourceTree = "<group>"; };
		F4A2F3FF0F43175300A84E18 /* BSImagePreviewerInterface.h */ = {isa = PBXFileReference; fileEncoding = 4; lastKnownFileType = sourcecode.c.h; path = BSImagePreviewerInterface.h; sourceTree = "<group>"; };
		F4A2F4000F4317A800A84E18 /* BSLinkConductorItem.h */ = {isa = PBXFileReference; fileEncoding = 4; lastKnownFileType = sourcecode.c.h; path = BSLinkConductorItem.h; sourceTree = "<group>"; };
		F4A2F4010F4317A800A84E18 /* BSLinkConductorItem.m */ = {isa = PBXFileReference; fileEncoding = 4; lastKnownFileType = sourcecode.c.objc; path = BSLinkConductorItem.m; sourceTree = "<group>"; };
		F4A2F5870F444E3000A84E18 /* English */ = {isa = PBXFileReference; lastKnownFileType = file.xib; name = English; path = English.lproj/BSLinkConductor.xib; sourceTree = "<group>"; };
		F4A2F58B0F458DA900A84E18 /* BSLCPreferences.h */ = {isa = PBXFileReference; fileEncoding = 4; lastKnownFileType = sourcecode.c.h; path = BSLCPreferences.h; sourceTree = "<group>"; };
		F4A2F58C0F458DA900A84E18 /* BSLCPreferences.m */ = {isa = PBXFileReference; fileEncoding = 4; lastKnownFileType = sourcecode.c.objc; path = BSLCPreferences.m; sourceTree = "<group>"; };
		F4A2F97B0F4650DC00A84E18 /* HMTemporaryFolder.h */ = {isa = PBXFileReference; fileEncoding = 4; lastKnownFileType = sourcecode.c.h; path = HMTemporaryFolder.h; sourceTree = "<group>"; };
		F4A2F97C0F4650DC00A84E18 /* HMTemporaryFolder.m */ = {isa = PBXFileReference; fileEncoding = 4; lastKnownFileType = sourcecode.c.objc; path = HMTemporaryFolder.m; sourceTree = "<group>"; };
		F4A807FA0FB118C000FD7FE3 /* English */ = {isa = PBXFileReference; lastKnownFileType = file.xib; name = English; path = English.lproj/BSLCProgressPanel.xib; sourceTree = "<group>"; };
		F4F4DDC30F67D2D800C75461 /* PSPreviewerInterface.h */ = {isa = PBXFileReference; fileEncoding = 4; lastKnownFileType = sourcecode.c.h; path = PSPreviewerInterface.h; sourceTree = "<group>"; };
		F4F4DDC40F67D2D800C75461 /* PSPreviewerItem.h */ = {isa = PBXFileReference; fileEncoding = 4; lastKnownFileType = sourcecode.c.h; path = PSPreviewerItem.h; sourceTree = "<group>"; };
/* End PBXFileReference section */

/* Begin PBXFrameworksBuildPhase section */
		8D5B49B3048680CD000E48DA /* Frameworks */ = {
			isa = PBXFrameworksBuildPhase;
			buildActionMask = 2147483647;
			files = (
				8D5B49B4048680CD000E48DA /* Cocoa.framework in Frameworks */,
				F4058754146AC4E3008A4304 /* CocoaOniguruma.framework in Frameworks */,
			);
			runOnlyForDeploymentPostprocessing = 0;
		};
/* End PBXFrameworksBuildPhase section */

/* Begin PBXGroup section */
		089C166AFE841209C02AAC07 /* BSConductor */ = {
			isa = PBXGroup;
			children = (
				F4F4DDC30F67D2D800C75461 /* PSPreviewerInterface.h */,
				F4F4DDC40F67D2D800C75461 /* PSPreviewerItem.h */,
				08FB77AFFE84173DC02AAC07 /* Classes */,
				32C88E010371C26100C91783 /* Other Sources */,
				089C167CFE841241C02AAC07 /* Resources */,
				089C1671FE841209C02AAC07 /* Frameworks and Libraries */,
				19C28FB8FE9D52D311CA2CBB /* Products */,
			);
			name = BSConductor;
			sourceTree = "<group>";
		};
		089C1671FE841209C02AAC07 /* Frameworks and Libraries */ = {
			isa = PBXGroup;
			children = (
				1058C7ACFEA557BF11CA2CBB /* Linked Frameworks */,
				1058C7AEFEA557BF11CA2CBB /* Other Frameworks */,
			);
			name = "Frameworks and Libraries";
			sourceTree = "<group>";
		};
		089C167CFE841241C02AAC07 /* Resources */ = {
			isa = PBXGroup;
			children = (
				F4A2F5860F444E3000A84E18 /* BSLinkConductor.xib */,
				8D5B49B7048680CD000E48DA /* Info.plist */,
				089C167DFE841241C02AAC07 /* InfoPlist.strings */,
				F4A807FD0FB118D000FD7FE3 /* BSLCProgressPanel.xib */,
			);
			name = Resources;
			sourceTree = "<group>";
		};
		08FB77AFFE84173DC02AAC07 /* Classes */ = {
			isa = PBXGroup;
			children = (
				F4A2F3FF0F43175300A84E18 /* BSImagePreviewerInterface.h */,
				F4A2F97B0F4650DC00A84E18 /* HMTemporaryFolder.h */,
				F4A2F97C0F4650DC00A84E18 /* HMTemporaryFolder.m */,
				F4A2F58B0F458DA900A84E18 /* BSLCPreferences.h */,
				F4A2F58C0F458DA900A84E18 /* BSLCPreferences.m */,
				F4A2F4000F4317A800A84E18 /* BSLinkConductorItem.h */,
				F4A2F4010F4317A800A84E18 /* BSLinkConductorItem.m */,
				F4A2F3FC0F43170F00A84E18 /* BSLinkConductor.h */,
				F4A2F3FD0F43170F00A84E18 /* BSLinkConductor.m */,
			);
			name = Classes;
			sourceTree = "<group>";
		};
		1058C7ACFEA557BF11CA2CBB /* Linked Frameworks */ = {
			isa = PBXGroup;
			children = (
				1058C7ADFEA557BF11CA2CBB /* Cocoa.framework */,
			);
			name = "Linked Frameworks";
			sourceTree = "<group>";
		};
		1058C7AEFEA557BF11CA2CBB /* Other Frameworks */ = {
			isa = PBXGroup;
			children = (
				089C167FFE841241C02AAC07 /* AppKit.framework */,
				D2F7E65807B2D6F200F64583 /* CoreData.framework */,
				089C1672FE841209C02AAC07 /* Foundation.framework */,
				F4058753146AC4E3008A4304 /* CocoaOniguruma.framework */,
			);
			name = "Other Frameworks";
			sourceTree = "<group>";
		};
		19C28FB8FE9D52D311CA2CBB /* Products */ = {
			isa = PBXGroup;
			children = (
				8D5B49B6048680CD000E48DA /* BSLinkConductor.plugin */,
			);
			name = Products;
			sourceTree = "<group>";
		};
		32C88E010371C26100C91783 /* Other Sources */ = {
			isa = PBXGroup;
			children = (
				32DBCF630370AF2F00C91783 /* BSLinkConductor_Prefix.pch */,
			);
			name = "Other Sources";
			sourceTree = "<group>";
		};
/* End PBXGroup section */

/* Begin PBXNativeTarget section */
		8D5B49AC048680CD000E48DA /* BSLinkConductor */ = {
			isa = PBXNativeTarget;
			buildConfigurationList = 1DEB913A08733D840010E9CD /* Build configuration list for PBXNativeTarget "BSLinkConductor" */;
			buildPhases = (
				8D5B49AF048680CD000E48DA /* Resources */,
				8D5B49B1048680CD000E48DA /* Sources */,
				8D5B49B3048680CD000E48DA /* Frameworks */,
				F4F6ECA0124118670058FE97 /* CopyFiles */,
				F4B1C915131000C800B4BF6C /* ShellScript */,
			);
			buildRules = (
			);
			dependencies = (
			);
			name = BSLinkConductor;
			productInstallPath = "$(HOME)/Library/Bundles";
			productName = BSConductor;
			productReference = 8D5B49B6048680CD000E48DA /* BSLinkConductor.plugin */;
			productType = "com.apple.product-type.bundle";
		};
/* End PBXNativeTarget section */

/* Begin PBXProject section */
		089C1669FE841209C02AAC07 /* Project object */ = {
			isa = PBXProject;
			buildConfigurationList = 1DEB913E08733D840010E9CD /* Build configuration list for PBXProject "BSLinkConductor" */;
			compatibilityVersion = "Xcode 3.1";
			developmentRegion = English;
			hasScannedForEncodings = 1;
			knownRegions = (
				English,
				Japanese,
				French,
				German,
			);
			mainGroup = 089C166AFE841209C02AAC07 /* BSConductor */;
			projectDirPath = "";
			projectRoot = "";
			targets = (
				8D5B49AC048680CD000E48DA /* BSLinkConductor */,
			);
		};
/* End PBXProject section */

/* Begin PBXResourcesBuildPhase section */
		8D5B49AF048680CD000E48DA /* Resources */ = {
			isa = PBXResourcesBuildPhase;
			buildActionMask = 2147483647;
			files = (
				8D5B49B0048680CD000E48DA /* InfoPlist.strings in Resources */,
				F4A2F5880F444E3000A84E18 /* BSLinkConductor.xib in Resources */,
				F4A807FE0FB118D000FD7FE3 /* BSLCProgressPanel.xib in Resources */,
			);
			runOnlyForDeploymentPostprocessing = 0;
		};
/* End PBXResourcesBuildPhase section */

/* Begin PBXShellScriptBuildPhase section */
		F4B1C915131000C800B4BF6C /* ShellScript */ = {
			isa = PBXShellScriptBuildPhase;
			buildActionMask = 2147483647;
			files = (
			);
			inputPaths = (
			);
			outputPaths = (
				"/Users/masaki/Library/Application support/BathyScaphe/PlugIns/${PRODUCT_NAME}.${WRAPPER_EXTENSION}",
			);
			runOnlyForDeploymentPostprocessing = 0;
			shellPath = /bin/sh;
			shellScript = "dest=\"/Users/masaki/Library/Application support/BathyScaphe/PlugIns/\"\nsrcname=${PRODUCT_NAME}.${WRAPPER_EXTENSION}\n\ncp -r ${CONFIGURATION_BUILD_DIR}/${srcname} \"${dest}\"\n";
			showEnvVarsInLog = 0;
		};
/* End PBXShellScriptBuildPhase section */

/* Begin PBXSourcesBuildPhase section */
		8D5B49B1048680CD000E48DA /* Sources */ = {
			isa = PBXSourcesBuildPhase;
			buildActionMask = 2147483647;
			files = (
				F4A2F3FE0F43170F00A84E18 /* BSLinkConductor.m in Sources */,
				F4A2F4020F4317A800A84E18 /* BSLinkConductorItem.m in Sources */,
				F4A2F58D0F458DA900A84E18 /* BSLCPreferences.m in Sources */,
				F4A2F97D0F4650DC00A84E18 /* HMTemporaryFolder.m in Sources */,
			);
			runOnlyForDeploymentPostprocessing = 0;
		};
/* End PBXSourcesBuildPhase section */

/* Begin PBXVariantGroup section */
		089C167DFE841241C02AAC07 /* InfoPlist.strings */ = {
			isa = PBXVariantGroup;
			children = (
				089C167EFE841241C02AAC07 /* English */,
			);
			name = InfoPlist.strings;
			sourceTree = "<group>";
		};
		F4A2F5860F444E3000A84E18 /* BSLinkConductor.xib */ = {
			isa = PBXVariantGroup;
			children = (
				F4A2F5870F444E3000A84E18 /* English */,
			);
			name = BSLinkConductor.xib;
			sourceTree = "<group>";
		};
		F4A807FD0FB118D000FD7FE3 /* BSLCProgressPanel.xib */ = {
			isa = PBXVariantGroup;
			children = (
				F4A807FA0FB118C000FD7FE3 /* English */,
			);
			name = BSLCProgressPanel.xib;
			sourceTree = "<group>";
		};
/* End PBXVariantGroup section */

/* Begin XCBuildConfiguration section */
		1DEB913B08733D840010E9CD /* Debug */ = {
			isa = XCBuildConfiguration;
			buildSettings = {
				ALWAYS_SEARCH_USER_PATHS = NO;
				COPY_PHASE_STRIP = NO;
				DSTROOT = /;
				FRAMEWORK_SEARCH_PATHS = (
					"$(inherited)",
					"\"$(SRCROOT)/../../ExternalProject/CocoaOniguruma/framework/build/Release\"",
				);
				GCC_ENABLE_FIX_AND_CONTINUE = YES;
				GCC_OPTIMIZATION_LEVEL = 0;
				GCC_PRECOMPILE_PREFIX_HEADER = YES;
				GCC_PREFIX_HEADER = BSLinkConductor_Prefix.pch;
				INFOPLIST_FILE = Info.plist;
				INSTALL_PATH = "$(HOME)/Library/Application Support/BathyScaphe/PlugIns";
				OTHER_CFLAGS = "";
				PRODUCT_NAME = BSLinkConductor;
				WRAPPER_EXTENSION = plugin;
			};
			name = Debug;
		};
		1DEB913C08733D840010E9CD /* Release */ = {
			isa = XCBuildConfiguration;
			buildSettings = {
				ALWAYS_SEARCH_USER_PATHS = NO;
				DEBUG_INFORMATION_FORMAT = "dwarf-with-dsym";
				DSTROOT = /;
				FRAMEWORK_SEARCH_PATHS = (
					"$(inherited)",
					"\"$(SRCROOT)/../../ExternalProject/CocoaOniguruma/framework/build/Release\"",
				);
				GCC_PRECOMPILE_PREFIX_HEADER = YES;
				GCC_PREFIX_HEADER = BSLinkConductor_Prefix.pch;
				INFOPLIST_FILE = Info.plist;
				INSTALL_PATH = "$(HOME)/Library/Application Support/BathyScaphe/PlugIns";
				OTHER_CFLAGS = "-DUTIL_BLOCK_DEBUG_WRITE";
				PRODUCT_NAME = BSLinkConductor;
				WRAPPER_EXTENSION = plugin;
			};
			name = Release;
		};
		1DEB913F08733D840010E9CD /* Debug */ = {
			isa = XCBuildConfiguration;
			buildSettings = {
				GCC_OPTIMIZATION_LEVEL = 0;
				GCC_WARN_ABOUT_RETURN_TYPE = YES;
				GCC_WARN_UNUSED_VARIABLE = YES;
				MACOSX_DEPLOYMENT_TARGET = 10.6;
				ONLY_ACTIVE_ARCH = YES;
				SDKROOT = macosx10.7;
			};
			name = Debug;
		};
		1DEB914008733D840010E9CD /* Release */ = {
			isa = XCBuildConfiguration;
			buildSettings = {
				ARCHS = "$(ARCHS_STANDARD_32_64_BIT)";
				GCC_WARN_ABOUT_RETURN_TYPE = YES;
				GCC_WARN_UNUSED_VARIABLE = YES;
				MACOSX_DEPLOYMENT_TARGET = 10.6;
				SDKROOT = macosx10.7;
			};
			name = Release;
		};
/* End XCBuildConfiguration section */

/* Begin XCConfigurationList section */
		1DEB913A08733D840010E9CD /* Build configuration list for PBXNativeTarget "BSLinkConductor" */ = {
			isa = XCConfigurationList;
			buildConfigurations = (
				1DEB913B08733D840010E9CD /* Debug */,
				1DEB913C08733D840010E9CD /* Release */,
			);
			defaultConfigurationIsVisible = 0;
			defaultConfigurationName = Release;
		};
		1DEB913E08733D840010E9CD /* Build configuration list for PBXProject "BSLinkConductor" */ = {
			isa = XCConfigurationList;
			buildConfigurations = (
				1DEB913F08733D840010E9CD /* Debug */,
				1DEB914008733D840010E9CD /* Release */,
			);
			defaultConfigurationIsVisible = 0;
			defaultConfigurationName = Release;
		};
/* End XCConfigurationList section */
	};
	rootObject = 089C1669FE841209C02AAC07 /* Project object */;
}
